
Microsoft Visual Studio Solution File, Format Version 12.00
# Visual Studio Version 17
VisualStudioVersion = 17.10.34916.146
MinimumVisualStudioVersion = 10.0.40219.1
Project("{FAE04EC0-301F-11D3-BF4B-00C04F79EFBC}") = "AgroLab", "AgroLab\AgroLab.csproj", "{2080921D-C078-4D4D-B36A-248F1D2BA6CC}"
EndProject
Global
	GlobalSection(SolutionConfigurationPlatforms) = preSolution
		Debug|Any CPU = Debug|Any CPU
		Release|Any CPU = Release|Any CPU
	EndGlobalSection
	GlobalSection(ProjectConfigurationPlatforms) = postSolution
		{2080921D-C078-4D4D-B36A-248F1D2BA6CC}.Debug|Any CPU.ActiveCfg = Debug|Any CPU
		{2080921D-C078-4D4D-B36A-248F1D2BA6CC}.Debug|Any CPU.Build.0 = Debug|Any CPU
		{2080921D-C078-4D4D-B36A-248F1D2BA6CC}.Release|Any CPU.ActiveCfg = Release|Any CPU
		{2080921D-C078-4D4D-B36A-248F1D2BA6CC}.Release|Any CPU.Build.0 = Release|Any CPU
	EndGlobalSection
	GlobalSection(SolutionProperties) = preSolution
		HideSolutionNode = FALSE
	EndGlobalSection
	GlobalSection(ExtensibilityGlobals) = postSolution
		SolutionGuid = {A4AD2F8B-5ABB-4B8D-A54D-B99F83D3A6EA}
	EndGlobalSection
EndGlobal
